
Microsoft Visual Studio Solution File, Format Version 12.00
Project("{FAE04EC0-301F-11D3-BF4B-00C04F79EFBC}") = "TribunalScraper", "TribunalScraper\TribunalScraper.csproj", "{E87F0C28-EFAF-4C7B-B35D-1F40758D7E19}"
EndProject
Global
	GlobalSection(SolutionConfigurationPlatforms) = preSolution
		Debug|Any CPU = Debug|Any CPU
		Release|Any CPU = Release|Any CPU
	EndGlobalSection
	GlobalSection(ProjectConfigurationPlatforms) = postSolution
		{E87F0C28-EFAF-4C7B-B35D-1F40758D7E19}.Debug|Any CPU.ActiveCfg = Debug|Any CPU
		{E87F0C28-EFAF-4C7B-B35D-1F40758D7E19}.Debug|Any CPU.Build.0 = Debug|Any CPU
		{E87F0C28-EFAF-4C7B-B35D-1F40758D7E19}.Release|Any CPU.ActiveCfg = Release|Any CPU
		{E87F0C28-EFAF-4C7B-B35D-1F40758D7E19}.Release|Any CPU.Build.0 = Release|Any CPU
	EndGlobalSection
EndGlobal
